{
    "name": "libparsec_bindings_web",
    "version": "3.2.5-a.0.dev.20123+2fbf772",
    "lockfileVersion": 3,
    "requires": true,
    "packages": {
        "": {
            "name": "libparsec_bindings_web",
            "version": "3.2.5-a.0.dev.20123+2fbf772",
            "license": "BUSL-1.1"
        }
    }
}
